
Microsoft Visual Studio Solution File, Format Version 12.00
# Visual Studio Version 16
VisualStudioVersion = 16.0.29102.190
MinimumVisualStudioVersion = 10.0.40219.1
Project("{FAE04EC0-301F-11D3-BF4B-00C04F79EFBC}") = "IslerGucler.Net", "IslerGucler.Net.csproj", "{227F8011-7E56-49AD-B00A-1ED246C92902}"
EndProject
Global
	GlobalSection(SolutionConfigurationPlatforms) = preSolution
		Debug|Any CPU = Debug|Any CPU
		Release|Any CPU = Release|Any CPU
	EndGlobalSection
	GlobalSection(ProjectConfigurationPlatforms) = postSolution
		{227F8011-7E56-49AD-B00A-1ED246C92902}.Debug|Any CPU.ActiveCfg = Debug|Any CPU
		{227F8011-7E56-49AD-B00A-1ED246C92902}.Debug|Any CPU.Build.0 = Debug|Any CPU
		{227F8011-7E56-49AD-B00A-1ED246C92902}.Release|Any CPU.ActiveCfg = Release|Any CPU
		{227F8011-7E56-49AD-B00A-1ED246C92902}.Release|Any CPU.Build.0 = Release|Any CPU
	EndGlobalSection
	GlobalSection(SolutionProperties) = preSolution
		HideSolutionNode = FALSE
	EndGlobalSection
	GlobalSection(ExtensibilityGlobals) = postSolution
		SolutionGuid = {0520065A-A1ED-463D-A813-24D1DB208954}
	EndGlobalSection
EndGlobal
